// !$*UTF8*$!
{
	archiveVersion = 1;
	classes = {
	};
	objectVersion = 51;
	objects = {

/* Begin PBXBuildFile section */
		2DEE8F73DB8A735BB7B25C95 /* Pods_breakpoint_breakpointUITests.framework in Frameworks */ = {isa = PBXBuildFile; fileRef = 037E70EBE0CA1ADE5FE00277 /* Pods_breakpoint_breakpointUITests.framework */; };
		4E13ECA1245DDF6C003C3719 /* Assets.xcassets in Resources */ = {isa = PBXBuildFile; fileRef = 4E668CC1245CF9E0003BCDDC /* Assets.xcassets */; };
		4E5792B6245B4F3600FA68DB /* AppDelegate.swift in Sources */ = {isa = PBXBuildFile; fileRef = 4E5792B5245B4F3600FA68DB /* AppDelegate.swift */; };
		4E5792B8245B4F3600FA68DB /* SceneDelegate.swift in Sources */ = {isa = PBXBuildFile; fileRef = 4E5792B7245B4F3600FA68DB /* SceneDelegate.swift */; };
		4E5792BA245B4F3600FA68DB /* FeedsVC.swift in Sources */ = {isa = PBXBuildFile; fileRef = 4E5792B9245B4F3600FA68DB /* FeedsVC.swift */; };
		4E5792BC245B4F3600FA68DB /* GroupsVC.swift in Sources */ = {isa = PBXBuildFile; fileRef = 4E5792BB245B4F3600FA68DB /* GroupsVC.swift */; };
		4E5792BF245B4F3600FA68DB /* Main.storyboard in Resources */ = {isa = PBXBuildFile; fileRef = 4E5792BD245B4F3600FA68DB /* Main.storyboard */; };
		4E5792C2245B4F3600FA68DB /* breakpoint.xcdatamodeld in Sources */ = {isa = PBXBuildFile; fileRef = 4E5792C0245B4F3600FA68DB /* breakpoint.xcdatamodeld */; };
		4E5792C7245B4F3800FA68DB /* LaunchScreen.storyboard in Resources */ = {isa = PBXBuildFile; fileRef = 4E5792C5245B4F3800FA68DB /* LaunchScreen.storyboard */; };
		4E5792D2245B4F3800FA68DB /* breakpointTests.swift in Sources */ = {isa = PBXBuildFile; fileRef = 4E5792D1245B4F3800FA68DB /* breakpointTests.swift */; };
		4E5792DD245B4F3800FA68DB /* breakpointUITests.swift in Sources */ = {isa = PBXBuildFile; fileRef = 4E5792DC245B4F3800FA68DB /* breakpointUITests.swift */; };
		4E5792F0245B505200FA68DB /* GoogleService-Info.plist in Resources */ = {isa = PBXBuildFile; fileRef = 4E5792EF245B505200FA68DB /* GoogleService-Info.plist */; };
		4E5792F2245B510300FA68DB /* DataService.swift in Sources */ = {isa = PBXBuildFile; fileRef = 4E5792F1245B510300FA68DB /* DataService.swift */; };
		4E5792F4245B77D200FA68DB /* SignupVC.swift in Sources */ = {isa = PBXBuildFile; fileRef = 4E5792F3245B77D200FA68DB /* SignupVC.swift */; };
		4E5792F6245B77E100FA68DB /* ProfileVC.swift in Sources */ = {isa = PBXBuildFile; fileRef = 4E5792F5245B77E100FA68DB /* ProfileVC.swift */; };
		4E5792F8245B77FC00FA68DB /* SignupMethodVC.swift in Sources */ = {isa = PBXBuildFile; fileRef = 4E5792F7245B77FC00FA68DB /* SignupMethodVC.swift */; };
		4E5792FA245B79E700FA68DB /* InsetTextField.swift in Sources */ = {isa = PBXBuildFile; fileRef = 4E5792F9245B79E700FA68DB /* InsetTextField.swift */; };
		4E5792FD245B8E3E00FA68DB /* Constants.swift in Sources */ = {isa = PBXBuildFile; fileRef = 4E5792FC245B8E3E00FA68DB /* Constants.swift */; };
		4E5792FF245B971900FA68DB /* RoundedWithShadowView.swift in Sources */ = {isa = PBXBuildFile; fileRef = 4E5792FE245B971900FA68DB /* RoundedWithShadowView.swift */; };
		4E579303245BA15700FA68DB /* AuthService.swift in Sources */ = {isa = PBXBuildFile; fileRef = 4E579302245BA15700FA68DB /* AuthService.swift */; };
		4E579305245BB2AB00FA68DB /* Helpers.swift in Sources */ = {isa = PBXBuildFile; fileRef = 4E579304245BB2AB00FA68DB /* Helpers.swift */; };
		4E668CA6245C5C03003BCDDC /* AddPostVC.swift in Sources */ = {isa = PBXBuildFile; fileRef = 4E668CA5245C5C03003BCDDC /* AddPostVC.swift */; };
		4E668CAC245C6F29003BCDDC /* FeedsPostTableViewCell.swift in Sources */ = {isa = PBXBuildFile; fileRef = 4E668CAA245C6F29003BCDDC /* FeedsPostTableViewCell.swift */; };
		4E668CAD245C6F29003BCDDC /* FeedsPostTableViewCell.xib in Resources */ = {isa = PBXBuildFile; fileRef = 4E668CAB245C6F29003BCDDC /* FeedsPostTableViewCell.xib */; };
		4E668CAF245C7DC7003BCDDC /* Post.swift in Sources */ = {isa = PBXBuildFile; fileRef = 4E668CAE245C7DC7003BCDDC /* Post.swift */; };
		4E668CB1245CA102003BCDDC /* AddGroupVC.swift in Sources */ = {isa = PBXBuildFile; fileRef = 4E668CB0245CA102003BCDDC /* AddGroupVC.swift */; };
		4E668CB4245CA747003BCDDC /* UserCellTableViewCell.swift in Sources */ = {isa = PBXBuildFile; fileRef = 4E668CB2245CA747003BCDDC /* UserCellTableViewCell.swift */; };
		4E668CB5245CA747003BCDDC /* UserCellTableViewCell.xib in Resources */ = {isa = PBXBuildFile; fileRef = 4E668CB3245CA747003BCDDC /* UserCellTableViewCell.xib */; };
		4E668CB7245CD373003BCDDC /* Group.swift in Sources */ = {isa = PBXBuildFile; fileRef = 4E668CB6245CD373003BCDDC /* Group.swift */; };
		4E668CB9245CE89A003BCDDC /* NotificationNames.swift in Sources */ = {isa = PBXBuildFile; fileRef = 4E668CB8245CE89A003BCDDC /* NotificationNames.swift */; };
		4E668CBC245CF239003BCDDC /* GroupCell.swift in Sources */ = {isa = PBXBuildFile; fileRef = 4E668CBA245CF239003BCDDC /* GroupCell.swift */; };
		4E668CBD245CF239003BCDDC /* GroupCell.xib in Resources */ = {isa = PBXBuildFile; fileRef = 4E668CBB245CF239003BCDDC /* GroupCell.xib */; };
		4EE888B6245DBE71002168EB /* GroupVC.swift in Sources */ = {isa = PBXBuildFile; fileRef = 4EE888B5245DBE71002168EB /* GroupVC.swift */; };
		C0CD8221370F8F8519FBFD8A /* Pods_breakpoint.framework in Frameworks */ = {isa = PBXBuildFile; fileRef = 97D8EB2A5D9EFE46828ED901 /* Pods_breakpoint.framework */; };
		E5AF8C74DAD8B085403243D1 /* Pods_breakpointTests.framework in Frameworks */ = {isa = PBXBuildFile; fileRef = 43412389B5159280A45E5523 /* Pods_breakpointTests.framework */; };
/* End PBXBuildFile section */

/* Begin PBXContainerItemProxy section */
		4E5792CE245B4F3800FA68DB /* PBXContainerItemProxy */ = {
			isa = PBXContainerItemProxy;
			containerPortal = 4E5792AA245B4F3600FA68DB /* Project object */;
			proxyType = 1;
			remoteGlobalIDString = 4E5792B1245B4F3600FA68DB;
			remoteInfo = breakpoint;
		};
		4E5792D9245B4F3800FA68DB /* PBXContainerItemProxy */ = {
			isa = PBXContainerItemProxy;
			containerPortal = 4E5792AA245B4F3600FA68DB /* Project object */;
			proxyType = 1;
			remoteGlobalIDString = 4E5792B1245B4F3600FA68DB;
			remoteInfo = breakpoint;
		};
/* End PBXContainerItemProxy section */

/* Begin PBXFileReference section */
		037E70EBE0CA1ADE5FE00277 /* Pods_breakpoint_breakpointUITests.framework */ = {isa = PBXFileReference; explicitFileType = wrapper.framework; includeInIndex = 0; path = Pods_breakpoint_breakpointUITests.framework; sourceTree = BUILT_PRODUCTS_DIR; };
		041302694EE3C1221A14A9D0 /* Pods-breakpointTests.debug.xcconfig */ = {isa = PBXFileReference; includeInIndex = 1; lastKnownFileType = text.xcconfig; name = "Pods-breakpointTests.debug.xcconfig"; path = "Target Support Files/Pods-breakpointTests/Pods-breakpointTests.debug.xcconfig"; sourceTree = "<group>"; };
		05FF102BC10DE3EFAED003CE /* Pods-breakpointTests.release.xcconfig */ = {isa = PBXFileReference; includeInIndex = 1; lastKnownFileType = text.xcconfig; name = "Pods-breakpointTests.release.xcconfig"; path = "Target Support Files/Pods-breakpointTests/Pods-breakpointTests.release.xcconfig"; sourceTree = "<group>"; };
		43412389B5159280A45E5523 /* Pods_breakpointTests.framework */ = {isa = PBXFileReference; explicitFileType = wrapper.framework; includeInIndex = 0; path = Pods_breakpointTests.framework; sourceTree = BUILT_PRODUCTS_DIR; };
		4E5792B2245B4F3600FA68DB /* breakpoint.app */ = {isa = PBXFileReference; explicitFileType = wrapper.application; includeInIndex = 0; path = breakpoint.app; sourceTree = BUILT_PRODUCTS_DIR; };
		4E5792B5245B4F3600FA68DB /* AppDelegate.swift */ = {isa = PBXFileReference; lastKnownFileType = sourcecode.swift; path = AppDelegate.swift; sourceTree = "<group>"; };
		4E5792B7245B4F3600FA68DB /* SceneDelegate.swift */ = {isa = PBXFileReference; lastKnownFileType = sourcecode.swift; path = SceneDelegate.swift; sourceTree = "<group>"; };
		4E5792B9245B4F3600FA68DB /* FeedsVC.swift */ = {isa = PBXFileReference; lastKnownFileType = sourcecode.swift; path = FeedsVC.swift; sourceTree = "<group>"; };
		4E5792BB245B4F3600FA68DB /* GroupsVC.swift */ = {isa = PBXFileReference; lastKnownFileType = sourcecode.swift; path = GroupsVC.swift; sourceTree = "<group>"; };
		4E5792BE245B4F3600FA68DB /* Base */ = {isa = PBXFileReference; lastKnownFileType = file.storyboard; name = Base; path = Base.lproj/Main.storyboard; sourceTree = "<group>"; };
		4E5792C1245B4F3600FA68DB /* breakpoint.xcdatamodel */ = {isa = PBXFileReference; lastKnownFileType = wrapper.xcdatamodel; path = breakpoint.xcdatamodel; sourceTree = "<group>"; };
		4E5792C6245B4F3800FA68DB /* Base */ = {isa = PBXFileReference; lastKnownFileType = file.storyboard; name = Base; path = Base.lproj/LaunchScreen.storyboard; sourceTree = "<group>"; };
		4E5792C8245B4F3800FA68DB /* Info.plist */ = {isa = PBXFileReference; lastKnownFileType = text.plist.xml; path = Info.plist; sourceTree = "<group>"; };
		4E5792CD245B4F3800FA68DB /* breakpointTests.xctest */ = {isa = PBXFileReference; explicitFileType = wrapper.cfbundle; includeInIndex = 0; path = breakpointTests.xctest; sourceTree = BUILT_PRODUCTS_DIR; };
		4E5792D1245B4F3800FA68DB /* breakpointTests.swift */ = {isa = PBXFileReference; lastKnownFileType = sourcecode.swift; path = breakpointTests.swift; sourceTree = "<group>"; };
		4E5792D3245B4F3800FA68DB /* Info.plist */ = {isa = PBXFileReference; lastKnownFileType = text.plist.xml; path = Info.plist; sourceTree = "<group>"; };
		4E5792D8245B4F3800FA68DB /* breakpointUITests.xctest */ = {isa = PBXFileReference; explicitFileType = wrapper.cfbundle; includeInIndex = 0; path = breakpointUITests.xctest; sourceTree = BUILT_PRODUCTS_DIR; };
		4E5792DC245B4F3800FA68DB /* breakpointUITests.swift */ = {isa = PBXFileReference; lastKnownFileType = sourcecode.swift; path = breakpointUITests.swift; sourceTree = "<group>"; };
		4E5792DE245B4F3800FA68DB /* Info.plist */ = {isa = PBXFileReference; lastKnownFileType = text.plist.xml; path = Info.plist; sourceTree = "<group>"; };
		4E5792EF245B505200FA68DB /* GoogleService-Info.plist */ = {isa = PBXFileReference; fileEncoding = 4; lastKnownFileType = text.plist.xml; path = "GoogleService-Info.plist"; sourceTree = "<group>"; };
		4E5792F1245B510300FA68DB /* DataService.swift */ = {isa = PBXFileReference; lastKnownFileType = sourcecode.swift; path = DataService.swift; sourceTree = "<group>"; };
		4E5792F3245B77D200FA68DB /* SignupVC.swift */ = {isa = PBXFileReference; lastKnownFileType = sourcecode.swift; path = SignupVC.swift; sourceTree = "<group>"; };
		4E5792F5245B77E100FA68DB /* ProfileVC.swift */ = {isa = PBXFileReference; lastKnownFileType = sourcecode.swift; path = ProfileVC.swift; sourceTree = "<group>"; };
		4E5792F7245B77FC00FA68DB /* SignupMethodVC.swift */ = {isa = PBXFileReference; lastKnownFileType = sourcecode.swift; path = SignupMethodVC.swift; sourceTree = "<group>"; };
		4E5792F9245B79E700FA68DB /* InsetTextField.swift */ = {isa = PBXFileReference; lastKnownFileType = sourcecode.swift; path = InsetTextField.swift; sourceTree = "<group>"; };
		4E5792FC245B8E3E00FA68DB /* Constants.swift */ = {isa = PBXFileReference; lastKnownFileType = sourcecode.swift; path = Constants.swift; sourceTree = "<group>"; };
		4E5792FE245B971900FA68DB /* RoundedWithShadowView.swift */ = {isa = PBXFileReference; lastKnownFileType = sourcecode.swift; path = RoundedWithShadowView.swift; sourceTree = "<group>"; };
		4E579302245BA15700FA68DB /* AuthService.swift */ = {isa = PBXFileReference; lastKnownFileType = sourcecode.swift; path = AuthService.swift; sourceTree = "<group>"; };
		4E579304245BB2AB00FA68DB /* Helpers.swift */ = {isa = PBXFileReference; lastKnownFileType = sourcecode.swift; path = Helpers.swift; sourceTree = "<group>"; };
		4E668CA5245C5C03003BCDDC /* AddPostVC.swift */ = {isa = PBXFileReference; lastKnownFileType = sourcecode.swift; path = AddPostVC.swift; sourceTree = "<group>"; };
		4E668CAA245C6F29003BCDDC /* FeedsPostTableViewCell.swift */ = {isa = PBXFileReference; lastKnownFileType = sourcecode.swift; path = FeedsPostTableViewCell.swift; sourceTree = "<group>"; };
		4E668CAB245C6F29003BCDDC /* FeedsPostTableViewCell.xib */ = {isa = PBXFileReference; lastKnownFileType = file.xib; path = FeedsPostTableViewCell.xib; sourceTree = "<group>"; };
		4E668CAE245C7DC7003BCDDC /* Post.swift */ = {isa = PBXFileReference; lastKnownFileType = sourcecode.swift; path = Post.swift; sourceTree = "<group>"; };
		4E668CB0245CA102003BCDDC /* AddGroupVC.swift */ = {isa = PBXFileReference; lastKnownFileType = sourcecode.swift; name = AddGroupVC.swift; path = breakpoint/AddGroupVC.swift; sourceTree = SOURCE_ROOT; };
		4E668CB2245CA747003BCDDC /* UserCellTableViewCell.swift */ = {isa = PBXFileReference; lastKnownFileType = sourcecode.swift; path = UserCellTableViewCell.swift; sourceTree = "<group>"; };
		4E668CB3245CA747003BCDDC /* UserCellTableViewCell.xib */ = {isa = PBXFileReference; lastKnownFileType = file.xib; path = UserCellTableViewCell.xib; sourceTree = "<group>"; };
		4E668CB6245CD373003BCDDC /* Group.swift */ = {isa = PBXFileReference; lastKnownFileType = sourcecode.swift; path = Group.swift; sourceTree = "<group>"; };
		4E668CB8245CE89A003BCDDC /* NotificationNames.swift */ = {isa = PBXFileReference; lastKnownFileType = sourcecode.swift; path = NotificationNames.swift; sourceTree = "<group>"; };
		4E668CBA245CF239003BCDDC /* GroupCell.swift */ = {isa = PBXFileReference; lastKnownFileType = sourcecode.swift; name = GroupCell.swift; path = breakpoint/Views/GroupCell.swift; sourceTree = SOURCE_ROOT; };
		4E668CBB245CF239003BCDDC /* GroupCell.xib */ = {isa = PBXFileReference; lastKnownFileType = file.xib; name = GroupCell.xib; path = breakpoint/XIB/GroupCell.xib; sourceTree = SOURCE_ROOT; };
		4E668CC1245CF9E0003BCDDC /* Assets.xcassets */ = {isa = PBXFileReference; lastKnownFileType = folder.assetcatalog; name = Assets.xcassets; path = /Users/hosam/dev/breakpoint/breakpoint/XIB/Assets.xcassets; sourceTree = "<absolute>"; };
		4EE888B5245DBE71002168EB /* GroupVC.swift */ = {isa = PBXFileReference; lastKnownFileType = sourcecode.swift; name = GroupVC.swift; path = breakpoint/Controllers/GroupVC.swift; sourceTree = SOURCE_ROOT; };
		55555CA20BE9B3D86C997856 /* Pods-breakpoint.release.xcconfig */ = {isa = PBXFileReference; includeInIndex = 1; lastKnownFileType = text.xcconfig; name = "Pods-breakpoint.release.xcconfig"; path = "Target Support Files/Pods-breakpoint/Pods-breakpoint.release.xcconfig"; sourceTree = "<group>"; };
		6577B6A1BD0CAF89FF5BF13E /* Pods-breakpoint-breakpointUITests.release.xcconfig */ = {isa = PBXFileReference; includeInIndex = 1; lastKnownFileType = text.xcconfig; name = "Pods-breakpoint-breakpointUITests.release.xcconfig"; path = "Target Support Files/Pods-breakpoint-breakpointUITests/Pods-breakpoint-breakpointUITests.release.xcconfig"; sourceTree = "<group>"; };
		97D8EB2A5D9EFE46828ED901 /* Pods_breakpoint.framework */ = {isa = PBXFileReference; explicitFileType = wrapper.framework; includeInIndex = 0; path = Pods_breakpoint.framework; sourceTree = BUILT_PRODUCTS_DIR; };
		B0DD04251628A9D65EF833EB /* Pods-breakpoint-breakpointUITests.debug.xcconfig */ = {isa = PBXFileReference; includeInIndex = 1; lastKnownFileType = text.xcconfig; name = "Pods-breakpoint-breakpointUITests.debug.xcconfig"; path = "Target Support Files/Pods-breakpoint-breakpointUITests/Pods-breakpoint-breakpointUITests.debug.xcconfig"; sourceTree = "<group>"; };
		E956DF76DB710EBB9B17A01D /* Pods-breakpoint.debug.xcconfig */ = {isa = PBXFileReference; includeInIndex = 1; lastKnownFileType = text.xcconfig; name = "Pods-breakpoint.debug.xcconfig"; path = "Target Support Files/Pods-breakpoint/Pods-breakpoint.debug.xcconfig"; sourceTree = "<group>"; };
/* End PBXFileReference section */

/* Begin PBXFrameworksBuildPhase section */
		4E5792AF245B4F3600FA68DB /* Frameworks */ = {
			isa = PBXFrameworksBuildPhase;
			buildActionMask = 2147483647;
			files = (
				C0CD8221370F8F8519FBFD8A /* Pods_breakpoint.framework in Frameworks */,
			);
			runOnlyForDeploymentPostprocessing = 0;
		};
		4E5792CA245B4F3800FA68DB /* Frameworks */ = {
			isa = PBXFrameworksBuildPhase;
			buildActionMask = 2147483647;
			files = (
				E5AF8C74DAD8B085403243D1 /* Pods_breakpointTests.framework in Frameworks */,
			);
			runOnlyForDeploymentPostprocessing = 0;
		};
		4E5792D5245B4F3800FA68DB /* Frameworks */ = {
			isa = PBXFrameworksBuildPhase;
			buildActionMask = 2147483647;
			files = (
				2DEE8F73DB8A735BB7B25C95 /* Pods_breakpoint_breakpointUITests.framework in Frameworks */,
			);
			runOnlyForDeploymentPostprocessing = 0;
		};
/* End PBXFrameworksBuildPhase section */

/* Begin PBXGroup section */
		092B0050E749F574C687BEDC /* Frameworks */ = {
			isa = PBXGroup;
			children = (
				97D8EB2A5D9EFE46828ED901 /* Pods_breakpoint.framework */,
				037E70EBE0CA1ADE5FE00277 /* Pods_breakpoint_breakpointUITests.framework */,
				43412389B5159280A45E5523 /* Pods_breakpointTests.framework */,
			);
			name = Frameworks;
			sourceTree = "<group>";
		};
		4E5792A9245B4F3600FA68DB = {
			isa = PBXGroup;
			children = (
				4E5792B4245B4F3600FA68DB /* breakpoint */,
				4E5792D0245B4F3800FA68DB /* breakpointTests */,
				4E5792DB245B4F3800FA68DB /* breakpointUITests */,
				4E5792B3245B4F3600FA68DB /* Products */,
				C0EAC3034C3C621C72E08E89 /* Pods */,
				092B0050E749F574C687BEDC /* Frameworks */,
			);
			sourceTree = "<group>";
		};
		4E5792B3245B4F3600FA68DB /* Products */ = {
			isa = PBXGroup;
			children = (
				4E5792B2245B4F3600FA68DB /* breakpoint.app */,
				4E5792CD245B4F3800FA68DB /* breakpointTests.xctest */,
				4E5792D8245B4F3800FA68DB /* breakpointUITests.xctest */,
			);
			name = Products;
			sourceTree = "<group>";
		};
		4E5792B4245B4F3600FA68DB /* breakpoint */ = {
			isa = PBXGroup;
			children = (
				4E5792FB245B8E2A00FA68DB /* Utilities */,
				4E5792EE245B4F9100FA68DB /* Service */,
				4E5792ED245B4F7C00FA68DB /* Extensions */,
				4E5792EB245B4F6600FA68DB /* Views */,
				4E5792EA245B4F5100FA68DB /* Controllers */,
				4E5792EC245B4F6E00FA68DB /* Models */,
				4E5792B5245B4F3600FA68DB /* AppDelegate.swift */,
				4E5792B7245B4F3600FA68DB /* SceneDelegate.swift */,
				4E668CA9245C6F0E003BCDDC /* XIB */,
				4E5792C8245B4F3800FA68DB /* Info.plist */,
				4E668CC1245CF9E0003BCDDC /* Assets.xcassets */,
				4E5792EF245B505200FA68DB /* GoogleService-Info.plist */,
				4E5792C0245B4F3600FA68DB /* breakpoint.xcdatamodeld */,
			);
			path = breakpoint;
			sourceTree = "<group>";
		};
		4E5792D0245B4F3800FA68DB /* breakpointTests */ = {
			isa = PBXGroup;
			children = (
				4E5792D1245B4F3800FA68DB /* breakpointTests.swift */,
				4E5792D3245B4F3800FA68DB /* Info.plist */,
			);
			path = breakpointTests;
			sourceTree = "<group>";
		};
		4E5792DB245B4F3800FA68DB /* breakpointUITests */ = {
			isa = PBXGroup;
			children = (
				4E5792DC245B4F3800FA68DB /* breakpointUITests.swift */,
				4E5792DE245B4F3800FA68DB /* Info.plist */,
			);
			path = breakpointUITests;
			sourceTree = "<group>";
		};
		4E5792EA245B4F5100FA68DB /* Controllers */ = {
			isa = PBXGroup;
			children = (
				4E668CB0245CA102003BCDDC /* AddGroupVC.swift */,
				4E5792BB245B4F3600FA68DB /* GroupsVC.swift */,
				4EE888B5245DBE71002168EB /* GroupVC.swift */,
				4E5792B9245B4F3600FA68DB /* FeedsVC.swift */,
				4E5792F3245B77D200FA68DB /* SignupVC.swift */,
				4E5792F5245B77E100FA68DB /* ProfileVC.swift */,
				4E668CA5245C5C03003BCDDC /* AddPostVC.swift */,
				4E5792F7245B77FC00FA68DB /* SignupMethodVC.swift */,
			);
			path = Controllers;
			sourceTree = "<group>";
		};
		4E5792EB245B4F6600FA68DB /* Views */ = {
			isa = PBXGroup;
			children = (
				4E668CBA245CF239003BCDDC /* GroupCell.swift */,
				4E5792FE245B971900FA68DB /* RoundedWithShadowView.swift */,
				4E668CAA245C6F29003BCDDC /* FeedsPostTableViewCell.swift */,
				4E668CB2245CA747003BCDDC /* UserCellTableViewCell.swift */,
			);
			path = Views;
			sourceTree = "<group>";
		};
		4E5792EC245B4F6E00FA68DB /* Models */ = {
			isa = PBXGroup;
			children = (
				4E668CAE245C7DC7003BCDDC /* Post.swift */,
				4E668CB6245CD373003BCDDC /* Group.swift */,
			);
			path = Models;
			sourceTree = "<group>";
		};
		4E5792ED245B4F7C00FA68DB /* Extensions */ = {
			isa = PBXGroup;
			children = (
				4E5792F9245B79E700FA68DB /* InsetTextField.swift */,
				4E668CB8245CE89A003BCDDC /* NotificationNames.swift */,
			);
			path = Extensions;
			sourceTree = "<group>";
		};
		4E5792EE245B4F9100FA68DB /* Service */ = {
			isa = PBXGroup;
			children = (
				4E5792F1245B510300FA68DB /* DataService.swift */,
				4E579302245BA15700FA68DB /* AuthService.swift */,
			);
			path = Service;
			sourceTree = "<group>";
		};
		4E5792FB245B8E2A00FA68DB /* Utilities */ = {
			isa = PBXGroup;
			children = (
				4E5792FC245B8E3E00FA68DB /* Constants.swift */,
				4E579304245BB2AB00FA68DB /* Helpers.swift */,
			);
			path = Utilities;
			sourceTree = "<group>";
		};
		4E668CA9245C6F0E003BCDDC /* XIB */ = {
			isa = PBXGroup;
			children = (
				4E5792C5245B4F3800FA68DB /* LaunchScreen.storyboard */,
				4E5792BD245B4F3600FA68DB /* Main.storyboard */,
				4E668CBB245CF239003BCDDC /* GroupCell.xib */,
				4E668CAB245C6F29003BCDDC /* FeedsPostTableViewCell.xib */,
				4E668CB3245CA747003BCDDC /* UserCellTableViewCell.xib */,
			);
			path = XIB;
			sourceTree = "<group>";
		};
		C0EAC3034C3C621C72E08E89 /* Pods */ = {
			isa = PBXGroup;
			children = (
				E956DF76DB710EBB9B17A01D /* Pods-breakpoint.debug.xcconfig */,
				55555CA20BE9B3D86C997856 /* Pods-breakpoint.release.xcconfig */,
				B0DD04251628A9D65EF833EB /* Pods-breakpoint-breakpointUITests.debug.xcconfig */,
				6577B6A1BD0CAF89FF5BF13E /* Pods-breakpoint-breakpointUITests.release.xcconfig */,
				041302694EE3C1221A14A9D0 /* Pods-breakpointTests.debug.xcconfig */,
				05FF102BC10DE3EFAED003CE /* Pods-breakpointTests.release.xcconfig */,
			);
			path = Pods;
			sourceTree = "<group>";
		};
/* End PBXGroup section */

/* Begin PBXNativeTarget section */
		4E5792B1245B4F3600FA68DB /* breakpoint */ = {
			isa = PBXNativeTarget;
			buildConfigurationList = 4E5792E1245B4F3800FA68DB /* Build configuration list for PBXNativeTarget "breakpoint" */;
			buildPhases = (
				EE951A1FB04C710CD951C217 /* [CP] Check Pods Manifest.lock */,
				4E5792AE245B4F3600FA68DB /* Sources */,
				4E5792AF245B4F3600FA68DB /* Frameworks */,
				4E5792B0245B4F3600FA68DB /* Resources */,
				EB0B4CAD70D4754B8FF1777A /* [CP] Embed Pods Frameworks */,
			);
			buildRules = (
			);
			dependencies = (
			);
			name = breakpoint;
			productName = breakpoint;
			productReference = 4E5792B2245B4F3600FA68DB /* breakpoint.app */;
			productType = "com.apple.product-type.application";
		};
		4E5792CC245B4F3800FA68DB /* breakpointTests */ = {
			isa = PBXNativeTarget;
			buildConfigurationList = 4E5792E4245B4F3800FA68DB /* Build configuration list for PBXNativeTarget "breakpointTests" */;
			buildPhases = (
				91E2F7A24B3217BC172FC73D /* [CP] Check Pods Manifest.lock */,
				4E5792C9245B4F3800FA68DB /* Sources */,
				4E5792CA245B4F3800FA68DB /* Frameworks */,
				4E5792CB245B4F3800FA68DB /* Resources */,
			);
			buildRules = (
			);
			dependencies = (
				4E5792CF245B4F3800FA68DB /* PBXTargetDependency */,
			);
			name = breakpointTests;
			productName = breakpointTests;
			productReference = 4E5792CD245B4F3800FA68DB /* breakpointTests.xctest */;
			productType = "com.apple.product-type.bundle.unit-test";
		};
		4E5792D7245B4F3800FA68DB /* breakpointUITests */ = {
			isa = PBXNativeTarget;
			buildConfigurationList = 4E5792E7245B4F3800FA68DB /* Build configuration list for PBXNativeTarget "breakpointUITests" */;
			buildPhases = (
				710EDA139EDDDBE556880829 /* [CP] Check Pods Manifest.lock */,
				4E5792D4245B4F3800FA68DB /* Sources */,
				4E5792D5245B4F3800FA68DB /* Frameworks */,
				4E5792D6245B4F3800FA68DB /* Resources */,
				9A762910A2C8490D8921827E /* [CP] Embed Pods Frameworks */,
			);
			buildRules = (
			);
			dependencies = (
				4E5792DA245B4F3800FA68DB /* PBXTargetDependency */,
			);
			name = breakpointUITests;
			productName = breakpointUITests;
			productReference = 4E5792D8245B4F3800FA68DB /* breakpointUITests.xctest */;
			productType = "com.apple.product-type.bundle.ui-testing";
		};
/* End PBXNativeTarget section */

/* Begin PBXProject section */
		4E5792AA245B4F3600FA68DB /* Project object */ = {
			isa = PBXProject;
			attributes = {
				LastSwiftUpdateCheck = 1140;
				LastUpgradeCheck = 1140;
				ORGANIZATIONNAME = "Hosam Elnabawy";
				TargetAttributes = {
					4E5792B1245B4F3600FA68DB = {
						CreatedOnToolsVersion = 11.4;
					};
					4E5792CC245B4F3800FA68DB = {
						CreatedOnToolsVersion = 11.4;
						TestTargetID = 4E5792B1245B4F3600FA68DB;
					};
					4E5792D7245B4F3800FA68DB = {
						CreatedOnToolsVersion = 11.4;
						TestTargetID = 4E5792B1245B4F3600FA68DB;
					};
				};
			};
			buildConfigurationList = 4E5792AD245B4F3600FA68DB /* Build configuration list for PBXProject "breakpoint" */;
			compatibilityVersion = "Xcode 9.3";
			developmentRegion = en;
			hasScannedForEncodings = 0;
			knownRegions = (
				en,
				Base,
			);
			mainGroup = 4E5792A9245B4F3600FA68DB;
			productRefGroup = 4E5792B3245B4F3600FA68DB /* Products */;
			projectDirPath = "";
			projectRoot = "";
			targets = (
				4E5792B1245B4F3600FA68DB /* breakpoint */,
				4E5792CC245B4F3800FA68DB /* breakpointTests */,
				4E5792D7245B4F3800FA68DB /* breakpointUITests */,
			);
		};
/* End PBXProject section */

/* Begin PBXResourcesBuildPhase section */
		4E5792B0245B4F3600FA68DB /* Resources */ = {
			isa = PBXResourcesBuildPhase;
			buildActionMask = 2147483647;
			files = (
				4E668CB5245CA747003BCDDC /* UserCellTableViewCell.xib in Resources */,
				4E5792C7245B4F3800FA68DB /* LaunchScreen.storyboard in Resources */,
				4E5792F0245B505200FA68DB /* GoogleService-Info.plist in Resources */,
				4E668CAD245C6F29003BCDDC /* FeedsPostTableViewCell.xib in Resources */,
				4E13ECA1245DDF6C003C3719 /* Assets.xcassets in Resources */,
				4E668CBD245CF239003BCDDC /* GroupCell.xib in Resources */,
				4E5792BF245B4F3600FA68DB /* Main.storyboard in Resources */,
			);
			runOnlyForDeploymentPostprocessing = 0;
		};
		4E5792CB245B4F3800FA68DB /* Resources */ = {
			isa = PBXResourcesBuildPhase;
			buildActionMask = 2147483647;
			files = (
			);
			runOnlyForDeploymentPostprocessing = 0;
		};
		4E5792D6245B4F3800FA68DB /* Resources */ = {
			isa = PBXResourcesBuildPhase;
			buildActionMask = 2147483647;
			files = (
			);
			runOnlyForDeploymentPostprocessing = 0;
		};
/* End PBXResourcesBuildPhase section */

/* Begin PBXShellScriptBuildPhase section */
		710EDA139EDDDBE556880829 /* [CP] Check Pods Manifest.lock */ = {
			isa = PBXShellScriptBuildPhase;
			buildActionMask = 2147483647;
			files = (
			);
			inputFileListPaths = (
			);
			inputPaths = (
				"${PODS_PODFILE_DIR_PATH}/Podfile.lock",
				"${PODS_ROOT}/Manifest.lock",
			);
			name = "[CP] Check Pods Manifest.lock";
			outputFileListPaths = (
			);
			outputPaths = (
				"$(DERIVED_FILE_DIR)/Pods-breakpoint-breakpointUITests-checkManifestLockResult.txt",
			);
			runOnlyForDeploymentPostprocessing = 0;
			shellPath = /bin/sh;
			shellScript = "diff \"${PODS_PODFILE_DIR_PATH}/Podfile.lock\" \"${PODS_ROOT}/Manifest.lock\" > /dev/null\nif [ $? != 0 ] ; then\n    # print error to STDERR\n    echo \"error: The sandbox is not in sync with the Podfile.lock. Run 'pod install' or update your CocoaPods installation.\" >&2\n    exit 1\nfi\n# This output is used by Xcode 'outputs' to avoid re-running this script phase.\necho \"SUCCESS\" > \"${SCRIPT_OUTPUT_FILE_0}\"\n";
			showEnvVarsInLog = 0;
		};
		91E2F7A24B3217BC172FC73D /* [CP] Check Pods Manifest.lock */ = {
			isa = PBXShellScriptBuildPhase;
			buildActionMask = 2147483647;
			files = (
			);
			inputFileListPaths = (
			);
			inputPaths = (
				"${PODS_PODFILE_DIR_PATH}/Podfile.lock",
				"${PODS_ROOT}/Manifest.lock",
			);
			name = "[CP] Check Pods Manifest.lock";
			outputFileListPaths = (
			);
			outputPaths = (
				"$(DERIVED_FILE_DIR)/Pods-breakpointTests-checkManifestLockResult.txt",
			);
			runOnlyForDeploymentPostprocessing = 0;
			shellPath = /bin/sh;
			shellScript = "diff \"${PODS_PODFILE_DIR_PATH}/Podfile.lock\" \"${PODS_ROOT}/Manifest.lock\" > /dev/null\nif [ $? != 0 ] ; then\n    # print error to STDERR\n    echo \"error: The sandbox is not in sync with the Podfile.lock. Run 'pod install' or update your CocoaPods installation.\" >&2\n    exit 1\nfi\n# This output is used by Xcode 'outputs' to avoid re-running this script phase.\necho \"SUCCESS\" > \"${SCRIPT_OUTPUT_FILE_0}\"\n";
			showEnvVarsInLog = 0;
		};
		9A762910A2C8490D8921827E /* [CP] Embed Pods Frameworks */ = {
			isa = PBXShellScriptBuildPhase;
			buildActionMask = 2147483647;
			files = (
			);
			inputFileListPaths = (
				"${PODS_ROOT}/Target Support Files/Pods-breakpoint-breakpointUITests/Pods-breakpoint-breakpointUITests-frameworks-${CONFIGURATION}-input-files.xcfilelist",
			);
			name = "[CP] Embed Pods Frameworks";
			outputFileListPaths = (
				"${PODS_ROOT}/Target Support Files/Pods-breakpoint-breakpointUITests/Pods-breakpoint-breakpointUITests-frameworks-${CONFIGURATION}-output-files.xcfilelist",
			);
			runOnlyForDeploymentPostprocessing = 0;
			shellPath = /bin/sh;
			shellScript = "\"${PODS_ROOT}/Target Support Files/Pods-breakpoint-breakpointUITests/Pods-breakpoint-breakpointUITests-frameworks.sh\"\n";
			showEnvVarsInLog = 0;
		};
		EB0B4CAD70D4754B8FF1777A /* [CP] Embed Pods Frameworks */ = {
			isa = PBXShellScriptBuildPhase;
			buildActionMask = 2147483647;
			files = (
			);
			inputFileListPaths = (
				"${PODS_ROOT}/Target Support Files/Pods-breakpoint/Pods-breakpoint-frameworks-${CONFIGURATION}-input-files.xcfilelist",
			);
			name = "[CP] Embed Pods Frameworks";
			outputFileListPaths = (
				"${PODS_ROOT}/Target Support Files/Pods-breakpoint/Pods-breakpoint-frameworks-${CONFIGURATION}-output-files.xcfilelist",
			);
			runOnlyForDeploymentPostprocessing = 0;
			shellPath = /bin/sh;
			shellScript = "\"${PODS_ROOT}/Target Support Files/Pods-breakpoint/Pods-breakpoint-frameworks.sh\"\n";
			showEnvVarsInLog = 0;
		};
		EE951A1FB04C710CD951C217 /* [CP] Check Pods Manifest.lock */ = {
			isa = PBXShellScriptBuildPhase;
			buildActionMask = 2147483647;
			files = (
			);
			inputFileListPaths = (
			);
			inputPaths = (
				"${PODS_PODFILE_DIR_PATH}/Podfile.lock",
				"${PODS_ROOT}/Manifest.lock",
			);
			name = "[CP] Check Pods Manifest.lock";
			outputFileListPaths = (
			);
			outputPaths = (
				"$(DERIVED_FILE_DIR)/Pods-breakpoint-checkManifestLockResult.txt",
			);
			runOnlyForDeploymentPostprocessing = 0;
			shellPath = /bin/sh;
			shellScript = "diff \"${PODS_PODFILE_DIR_PATH}/Podfile.lock\" \"${PODS_ROOT}/Manifest.lock\" > /dev/null\nif [ $? != 0 ] ; then\n    # print error to STDERR\n    echo \"error: The sandbox is not in sync with the Podfile.lock. Run 'pod install' or update your CocoaPods installation.\" >&2\n    exit 1\nfi\n# This output is used by Xcode 'outputs' to avoid re-running this script phase.\necho \"SUCCESS\" > \"${SCRIPT_OUTPUT_FILE_0}\"\n";
			showEnvVarsInLog = 0;
		};
/* End PBXShellScriptBuildPhase section */

/* Begin PBXSourcesBuildPhase section */
		4E5792AE245B4F3600FA68DB /* Sources */ = {
			isa = PBXSourcesBuildPhase;
			buildActionMask = 2147483647;
			files = (
				4E5792BC245B4F3600FA68DB /* GroupsVC.swift in Sources */,
				4E668CA6245C5C03003BCDDC /* AddPostVC.swift in Sources */,
				4E579305245BB2AB00FA68DB /* Helpers.swift in Sources */,
				4E668CB7245CD373003BCDDC /* Group.swift in Sources */,
				4E668CB9245CE89A003BCDDC /* NotificationNames.swift in Sources */,
				4E5792FD245B8E3E00FA68DB /* Constants.swift in Sources */,
				4E668CB4245CA747003BCDDC /* UserCellTableViewCell.swift in Sources */,
				4E668CAF245C7DC7003BCDDC /* Post.swift in Sources */,
				4E5792F4245B77D200FA68DB /* SignupVC.swift in Sources */,
				4E5792BA245B4F3600FA68DB /* FeedsVC.swift in Sources */,
				4E5792C2245B4F3600FA68DB /* breakpoint.xcdatamodeld in Sources */,
				4E668CB1245CA102003BCDDC /* AddGroupVC.swift in Sources */,
				4E5792F8245B77FC00FA68DB /* SignupMethodVC.swift in Sources */,
				4E668CBC245CF239003BCDDC /* GroupCell.swift in Sources */,
				4E579303245BA15700FA68DB /* AuthService.swift in Sources */,
				4EE888B6245DBE71002168EB /* GroupVC.swift in Sources */,
				4E5792F2245B510300FA68DB /* DataService.swift in Sources */,
				4E5792B6245B4F3600FA68DB /* AppDelegate.swift in Sources */,
				4E668CAC245C6F29003BCDDC /* FeedsPostTableViewCell.swift in Sources */,
				4E5792FF245B971900FA68DB /* RoundedWithShadowView.swift in Sources */,
				4E5792F6245B77E100FA68DB /* ProfileVC.swift in Sources */,
				4E5792B8245B4F3600FA68DB /* SceneDelegate.swift in Sources */,
				4E5792FA245B79E700FA68DB /* InsetTextField.swift in Sources */,
			);
			runOnlyForDeploymentPostprocessing = 0;
		};
		4E5792C9245B4F3800FA68DB /* Sources */ = {
			isa = PBXSourcesBuildPhase;
			buildActionMask = 2147483647;
			files = (
				4E5792D2245B4F3800FA68DB /* breakpointTests.swift in Sources */,
			);
			runOnlyForDeploymentPostprocessing = 0;
		};
		4E5792D4245B4F3800FA68DB /* Sources */ = {
			isa = PBXSourcesBuildPhase;
			buildActionMask = 2147483647;
			files = (
				4E5792DD245B4F3800FA68DB /* breakpointUITests.swift in Sources */,
			);
			runOnlyForDeploymentPostprocessing = 0;
		};
/* End PBXSourcesBuildPhase section */

/* Begin PBXTargetDependency section */
		4E5792CF245B4F3800FA68DB /* PBXTargetDependency */ = {
			isa = PBXTargetDependency;
			target = 4E5792B1245B4F3600FA68DB /* breakpoint */;
			targetProxy = 4E5792CE245B4F3800FA68DB /* PBXContainerItemProxy */;
		};
		4E5792DA245B4F3800FA68DB /* PBXTargetDependency */ = {
			isa = PBXTargetDependency;
			target = 4E5792B1245B4F3600FA68DB /* breakpoint */;
			targetProxy = 4E5792D9245B4F3800FA68DB /* PBXContainerItemProxy */;
		};
/* End PBXTargetDependency section */

/* Begin PBXVariantGroup section */
		4E5792BD245B4F3600FA68DB /* Main.storyboard */ = {
			isa = PBXVariantGroup;
			children = (
				4E5792BE245B4F3600FA68DB /* Base */,
			);
			name = Main.storyboard;
			sourceTree = "<group>";
		};
		4E5792C5245B4F3800FA68DB /* LaunchScreen.storyboard */ = {
			isa = PBXVariantGroup;
			children = (
				4E5792C6245B4F3800FA68DB /* Base */,
			);
			name = LaunchScreen.storyboard;
			sourceTree = "<group>";
		};
/* End PBXVariantGroup section */

/* Begin XCBuildConfiguration section */
		4E5792DF245B4F3800FA68DB /* Debug */ = {
			isa = XCBuildConfiguration;
			buildSettings = {
				ALWAYS_SEARCH_USER_PATHS = NO;
				CLANG_ANALYZER_NONNULL = YES;
				CLANG_ANALYZER_NUMBER_OBJECT_CONVERSION = YES_AGGRESSIVE;
				CLANG_CXX_LANGUAGE_STANDARD = "gnu++14";
				CLANG_CXX_LIBRARY = "libc++";
				CLANG_ENABLE_MODULES = YES;
				CLANG_ENABLE_OBJC_ARC = YES;
				CLANG_ENABLE_OBJC_WEAK = YES;
				CLANG_WARN_BLOCK_CAPTURE_AUTORELEASING = YES;
				CLANG_WARN_BOOL_CONVERSION = YES;
				CLANG_WARN_COMMA = YES;
				CLANG_WARN_CONSTANT_CONVERSION = YES;
				CLANG_WARN_DEPRECATED_OBJC_IMPLEMENTATIONS = YES;
				CLANG_WARN_DIRECT_OBJC_ISA_USAGE = YES_ERROR;
				CLANG_WARN_DOCUMENTATION_COMMENTS = YES;
				CLANG_WARN_EMPTY_BODY = YES;
				CLANG_WARN_ENUM_CONVERSION = YES;
				CLANG_WARN_INFINITE_RECURSION = YES;
				CLANG_WARN_INT_CONVERSION = YES;
				CLANG_WARN_NON_LITERAL_NULL_CONVERSION = YES;
				CLANG_WARN_OBJC_IMPLICIT_RETAIN_SELF = YES;
				CLANG_WARN_OBJC_LITERAL_CONVERSION = YES;
				CLANG_WARN_OBJC_ROOT_CLASS = YES_ERROR;
				CLANG_WARN_RANGE_LOOP_ANALYSIS = YES;
				CLANG_WARN_STRICT_PROTOTYPES = YES;
				CLANG_WARN_SUSPICIOUS_MOVE = YES;
				CLANG_WARN_UNGUARDED_AVAILABILITY = YES_AGGRESSIVE;
				CLANG_WARN_UNREACHABLE_CODE = YES;
				CLANG_WARN__DUPLICATE_METHOD_MATCH = YES;
				COPY_PHASE_STRIP = NO;
				DEBUG_INFORMATION_FORMAT = dwarf;
				ENABLE_STRICT_OBJC_MSGSEND = YES;
				ENABLE_TESTABILITY = YES;
				GCC_C_LANGUAGE_STANDARD = gnu11;
				GCC_DYNAMIC_NO_PIC = NO;
				GCC_NO_COMMON_BLOCKS = YES;
				GCC_OPTIMIZATION_LEVEL = 0;
				GCC_PREPROCESSOR_DEFINITIONS = (
					"DEBUG=1",
					"$(inherited)",
				);
				GCC_WARN_64_TO_32_BIT_CONVERSION = YES;
				GCC_WARN_ABOUT_RETURN_TYPE = YES_ERROR;
				GCC_WARN_UNDECLARED_SELECTOR = YES;
				GCC_WARN_UNINITIALIZED_AUTOS = YES_AGGRESSIVE;
				GCC_WARN_UNUSED_FUNCTION = YES;
				GCC_WARN_UNUSED_VARIABLE = YES;
				IPHONEOS_DEPLOYMENT_TARGET = 13.4;
				MTL_ENABLE_DEBUG_INFO = INCLUDE_SOURCE;
				MTL_FAST_MATH = YES;
				ONLY_ACTIVE_ARCH = YES;
				SDKROOT = iphoneos;
				SWIFT_ACTIVE_COMPILATION_CONDITIONS = DEBUG;
				SWIFT_OPTIMIZATION_LEVEL = "-Onone";
			};
			name = Debug;
		};
		4E5792E0245B4F3800FA68DB /* Release */ = {
			isa = XCBuildConfiguration;
			buildSettings = {
				ALWAYS_SEARCH_USER_PATHS = NO;
				CLANG_ANALYZER_NONNULL = YES;
				CLANG_ANALYZER_NUMBER_OBJECT_CONVERSION = YES_AGGRESSIVE;
				CLANG_CXX_LANGUAGE_STANDARD = "gnu++14";
				CLANG_CXX_LIBRARY = "libc++";
				CLANG_ENABLE_MODULES = YES;
				CLANG_ENABLE_OBJC_ARC = YES;
				CLANG_ENABLE_OBJC_WEAK = YES;
				CLANG_WARN_BLOCK_CAPTURE_AUTORELEASING = YES;
				CLANG_WARN_BOOL_CONVERSION = YES;
				CLANG_WARN_COMMA = YES;
				CLANG_WARN_CONSTANT_CONVERSION = YES;
				CLANG_WARN_DEPRECATED_OBJC_IMPLEMENTATIONS = YES;
				CLANG_WARN_DIRECT_OBJC_ISA_USAGE = YES_ERROR;
				CLANG_WARN_DOCUMENTATION_COMMENTS = YES;
				CLANG_WARN_EMPTY_BODY = YES;
				CLANG_WARN_ENUM_CONVERSION = YES;
				CLANG_WARN_INFINITE_RECURSION = YES;
				CLANG_WARN_INT_CONVERSION = YES;
				CLANG_WARN_NON_LITERAL_NULL_CONVERSION = YES;
				CLANG_WARN_OBJC_IMPLICIT_RETAIN_SELF = YES;
				CLANG_WARN_OBJC_LITERAL_CONVERSION = YES;
				CLANG_WARN_OBJC_ROOT_CLASS = YES_ERROR;
				CLANG_WARN_RANGE_LOOP_ANALYSIS = YES;
				CLANG_WARN_STRICT_PROTOTYPES = YES;
				CLANG_WARN_SUSPICIOUS_MOVE = YES;
				CLANG_WARN_UNGUARDED_AVAILABILITY = YES_AGGRESSIVE;
				CLANG_WARN_UNREACHABLE_CODE = YES;
				CLANG_WARN__DUPLICATE_METHOD_MATCH = YES;
				COPY_PHASE_STRIP = NO;
				DEBUG_INFORMATION_FORMAT = "dwarf-with-dsym";
				ENABLE_NS_ASSERTIONS = NO;
				ENABLE_STRICT_OBJC_MSGSEND = YES;
				GCC_C_LANGUAGE_STANDARD = gnu11;
				GCC_NO_COMMON_BLOCKS = YES;
				GCC_WARN_64_TO_32_BIT_CONVERSION = YES;
				GCC_WARN_ABOUT_RETURN_TYPE = YES_ERROR;
				GCC_WARN_UNDECLARED_SELECTOR = YES;
				GCC_WARN_UNINITIALIZED_AUTOS = YES_AGGRESSIVE;
				GCC_WARN_UNUSED_FUNCTION = YES;
				GCC_WARN_UNUSED_VARIABLE = YES;
				IPHONEOS_DEPLOYMENT_TARGET = 13.4;
				MTL_ENABLE_DEBUG_INFO = NO;
				MTL_FAST_MATH = YES;
				SDKROOT = iphoneos;
				SWIFT_COMPILATION_MODE = wholemodule;
				SWIFT_OPTIMIZATION_LEVEL = "-O";
				VALIDATE_PRODUCT = YES;
			};
			name = Release;
		};
		4E5792E2245B4F3800FA68DB /* Debug */ = {
			isa = XCBuildConfiguration;
			baseConfigurationReference = E956DF76DB710EBB9B17A01D /* Pods-breakpoint.debug.xcconfig */;
			buildSettings = {
				ASSETCATALOG_COMPILER_APPICON_NAME = AppIcon;
				CODE_SIGN_STYLE = Automatic;
				INFOPLIST_FILE = breakpoint/Info.plist;
				LD_RUNPATH_SEARCH_PATHS = (
					"$(inherited)",
					"@executable_path/Frameworks",
				);
				PRODUCT_BUNDLE_IDENTIFIER = com.hsa.breakpoint;
				PRODUCT_NAME = "$(TARGET_NAME)";
				SWIFT_VERSION = 5.0;
				TARGETED_DEVICE_FAMILY = "1,2";
			};
			name = Debug;
		};
		4E5792E3245B4F3800FA68DB /* Release */ = {
			isa = XCBuildConfiguration;
			baseConfigurationReference = 55555CA20BE9B3D86C997856 /* Pods-breakpoint.release.xcconfig */;
			buildSettings = {
				ASSETCATALOG_COMPILER_APPICON_NAME = AppIcon;
				CODE_SIGN_STYLE = Automatic;
				INFOPLIST_FILE = breakpoint/Info.plist;
				LD_RUNPATH_SEARCH_PATHS = (
					"$(inherited)",
					"@executable_path/Frameworks",
				);
				PRODUCT_BUNDLE_IDENTIFIER = com.hsa.breakpoint;
				PRODUCT_NAME = "$(TARGET_NAME)";
				SWIFT_VERSION = 5.0;
				TARGETED_DEVICE_FAMILY = "1,2";
			};
			name = Release;
		};
		4E5792E5245B4F3800FA68DB /* Debug */ = {
			isa = XCBuildConfiguration;
			baseConfigurationReference = 041302694EE3C1221A14A9D0 /* Pods-breakpointTests.debug.xcconfig */;
			buildSettings = {
				ALWAYS_EMBED_SWIFT_STANDARD_LIBRARIES = YES;
				BUNDLE_LOADER = "$(TEST_HOST)";
				CODE_SIGN_STYLE = Automatic;
				INFOPLIST_FILE = breakpointTests/Info.plist;
				IPHONEOS_DEPLOYMENT_TARGET = 13.4;
				LD_RUNPATH_SEARCH_PATHS = (
					"$(inherited)",
					"@executable_path/Frameworks",
					"@loader_path/Frameworks",
				);
				PRODUCT_BUNDLE_IDENTIFIER = com.hsa.breakpointTests;
				PRODUCT_NAME = "$(TARGET_NAME)";
				SWIFT_VERSION = 5.0;
				TARGETED_DEVICE_FAMILY = "1,2";
				TEST_HOST = "$(BUILT_PRODUCTS_DIR)/breakpoint.app/breakpoint";
			};
			name = Debug;
		};
		4E5792E6245B4F3800FA68DB /* Release */ = {
			isa = XCBuildConfiguration;
			baseConfigurationReference = 05FF102BC10DE3EFAED003CE /* Pods-breakpointTests.release.xcconfig */;
			buildSettings = {
				ALWAYS_EMBED_SWIFT_STANDARD_LIBRARIES = YES;
				BUNDLE_LOADER = "$(TEST_HOST)";
				CODE_SIGN_STYLE = Automatic;
				INFOPLIST_FILE = breakpointTests/Info.plist;
				IPHONEOS_DEPLOYMENT_TARGET = 13.4;
				LD_RUNPATH_SEARCH_PATHS = (
					"$(inherited)",
					"@executable_path/Frameworks",
					"@loader_path/Frameworks",
				);
				PRODUCT_BUNDLE_IDENTIFIER = com.hsa.breakpointTests;
				PRODUCT_NAME = "$(TARGET_NAME)";
				SWIFT_VERSION = 5.0;
				TARGETED_DEVICE_FAMILY = "1,2";
				TEST_HOST = "$(BUILT_PRODUCTS_DIR)/breakpoint.app/breakpoint";
			};
			name = Release;
		};
		4E5792E8245B4F3800FA68DB /* Debug */ = {
			isa = XCBuildConfiguration;
			baseConfigurationReference = B0DD04251628A9D65EF833EB /* Pods-breakpoint-breakpointUITests.debug.xcconfig */;
			buildSettings = {
				ALWAYS_EMBED_SWIFT_STANDARD_LIBRARIES = YES;
				CODE_SIGN_STYLE = Automatic;
				INFOPLIST_FILE = breakpointUITests/Info.plist;
				LD_RUNPATH_SEARCH_PATHS = (
					"$(inherited)",
					"@executable_path/Frameworks",
					"@loader_path/Frameworks",
				);
				PRODUCT_BUNDLE_IDENTIFIER = com.hsa.breakpointUITests;
				PRODUCT_NAME = "$(TARGET_NAME)";
				SWIFT_VERSION = 5.0;
				TARGETED_DEVICE_FAMILY = "1,2";
				TEST_TARGET_NAME = breakpoint;
			};
			name = Debug;
		};
		4E5792E9245B4F3800FA68DB /* Release */ = {
			isa = XCBuildConfiguration;
			baseConfigurationReference = 6577B6A1BD0CAF89FF5BF13E /* Pods-breakpoint-breakpointUITests.release.xcconfig */;
			buildSettings = {
				ALWAYS_EMBED_SWIFT_STANDARD_LIBRARIES = YES;
				CODE_SIGN_STYLE = Automatic;
				INFOPLIST_FILE = breakpointUITests/Info.plist;
				LD_RUNPATH_SEARCH_PATHS = (
					"$(inherited)",
					"@executable_path/Frameworks",
					"@loader_path/Frameworks",
				);
				PRODUCT_BUNDLE_IDENTIFIER = com.hsa.breakpointUITests;
				PRODUCT_NAME = "$(TARGET_NAME)";
				SWIFT_VERSION = 5.0;
				TARGETED_DEVICE_FAMILY = "1,2";
				TEST_TARGET_NAME = breakpoint;
			};
			name = Release;
		};
/* End XCBuildConfiguration section */

/* Begin XCConfigurationList section */
		4E5792AD245B4F3600FA68DB /* Build configuration list for PBXProject "breakpoint" */ = {
			isa = XCConfigurationList;
			buildConfigurations = (
				4E5792DF245B4F3800FA68DB /* Debug */,
				4E5792E0245B4F3800FA68DB /* Release */,
			);
			defaultConfigurationIsVisible = 0;
			defaultConfigurationName = Release;
		};
		4E5792E1245B4F3800FA68DB /* Build configuration list for PBXNativeTarget "breakpoint" */ = {
			isa = XCConfigurationList;
			buildConfigurations = (
				4E5792E2245B4F3800FA68DB /* Debug */,
				4E5792E3245B4F3800FA68DB /* Release */,
			);
			defaultConfigurationIsVisible = 0;
			defaultConfigurationName = Release;
		};
		4E5792E4245B4F3800FA68DB /* Build configuration list for PBXNativeTarget "breakpointTests" */ = {
			isa = XCConfigurationList;
			buildConfigurations = (
				4E5792E5245B4F3800FA68DB /* Debug */,
				4E5792E6245B4F3800FA68DB /* Release */,
			);
			defaultConfigurationIsVisible = 0;
			defaultConfigurationName = Release;
		};
		4E5792E7245B4F3800FA68DB /* Build configuration list for PBXNativeTarget "breakpointUITests" */ = {
			isa = XCConfigurationList;
			buildConfigurations = (
				4E5792E8245B4F3800FA68DB /* Debug */,
				4E5792E9245B4F3800FA68DB /* Release */,
			);
			defaultConfigurationIsVisible = 0;
			defaultConfigurationName = Release;
		};
/* End XCConfigurationList section */

/* Begin XCVersionGroup section */
		4E5792C0245B4F3600FA68DB /* breakpoint.xcdatamodeld */ = {
			isa = XCVersionGroup;
			children = (
				4E5792C1245B4F3600FA68DB /* breakpoint.xcdatamodel */,
			);
			currentVersion = 4E5792C1245B4F3600FA68DB /* breakpoint.xcdatamodel */;
			path = breakpoint.xcdatamodeld;
			sourceTree = "<group>";
			versionGroupType = wrapper.xcdatamodel;
		};
/* End XCVersionGroup section */
	};
	rootObject = 4E5792AA245B4F3600FA68DB /* Project object */;
}
